
Microsoft Visual Studio Solution File, Format Version 12.00
# Visual Studio Version 17
VisualStudioVersion = 17.13.35931.197 d17.13
MinimumVisualStudioVersion = 10.0.40219.1
Project("{FAE04EC0-301F-11D3-BF4B-00C04F79EFBC}") = "ProtecSysLoginMVC", "ProtecSysLoginMVC.csproj", "{CE8AEB7F-39C8-818D-1656-57501FDF81AE}"
EndProject
Global
	GlobalSection(SolutionConfigurationPlatforms) = preSolution
		Debug|Any CPU = Debug|Any CPU
		Release|Any CPU = Release|Any CPU
	EndGlobalSection
	GlobalSection(ProjectConfigurationPlatforms) = postSolution
		{CE8AEB7F-39C8-818D-1656-57501FDF81AE}.Debug|Any CPU.ActiveCfg = Debug|Any CPU
		{CE8AEB7F-39C8-818D-1656-57501FDF81AE}.Debug|Any CPU.Build.0 = Debug|Any CPU
		{CE8AEB7F-39C8-818D-1656-57501FDF81AE}.Release|Any CPU.ActiveCfg = Release|Any CPU
		{CE8AEB7F-39C8-818D-1656-57501FDF81AE}.Release|Any CPU.Build.0 = Release|Any CPU
	EndGlobalSection
	GlobalSection(SolutionProperties) = preSolution
		HideSolutionNode = FALSE
	EndGlobalSection
	GlobalSection(ExtensibilityGlobals) = postSolution
		SolutionGuid = {0B544AB1-24AA-4529-85C7-9C7A4F47B3E2}
	EndGlobalSection
EndGlobal
